{
  "name": "spaced-repetition",
  "version": "1.0.0",
  "lockfileVersion": 2,
  "requires": true,
  "packages": {
    "": {
      "name": "spaced-repetition",
      "version": "1.0.0",
      "license": "ISC",
      "dependencies": {
        "dayjs": "^1.10.7",
        "parsimmon": "^1.18.0",
        "sp-repetition": "^2.0.0"
      }
    },
    "node_modules/dayjs": {
      "version": "1.10.7",
      "resolved": "https://registry.npmjs.org/dayjs/-/dayjs-1.10.7.tgz",
      "integrity": "sha512-P6twpd70BcPK34K26uJ1KT3wlhpuOAPoMwJzpsIWUxHZ7wpmbdZL/hQqBDfz7hGurYSa5PhzdhDHtt319hL3ig=="
    },
    "node_modules/parsimmon": {
      "version": "1.18.0",
      "resolved": "https://registry.npmjs.org/parsimmon/-/parsimmon-1.18.0.tgz",
      "integrity": "sha512-EtVsGuQfDgwGgXzsSDe+5egRPwbcgKRd/omQ1L3Oj2pHy0gYqd+Q7zrBIQ7P/BN6DWUP9vV45HIgZHCmssdzMg=="
    },
    "node_modules/sp-repetition": {
      "version": "2.0.0",
      "resolved": "https://registry.npmjs.org/sp-repetition/-/sp-repetition-2.0.0.tgz",
      "integrity": "sha512-PfhGeH/fSF0dRSEyd4xL7ZEenfBdnEp2G4LPTbFOiqbRrBnxp7TILKxbkRU3SJdsuNVUBpppL1yfplMnNvBMuw=="
    }
  },
  "dependencies": {
    "dayjs": {
      "version": "1.10.7",
      "resolved": "https://registry.npmjs.org/dayjs/-/dayjs-1.10.7.tgz",
      "integrity": "sha512-P6twpd70BcPK34K26uJ1KT3wlhpuOAPoMwJzpsIWUxHZ7wpmbdZL/hQqBDfz7hGurYSa5PhzdhDHtt319hL3ig=="
    },
    "parsimmon": {
      "version": "1.18.0",
      "resolved": "https://registry.npmjs.org/parsimmon/-/parsimmon-1.18.0.tgz",
      "integrity": "sha512-EtVsGuQfDgwGgXzsSDe+5egRPwbcgKRd/omQ1L3Oj2pHy0gYqd+Q7zrBIQ7P/BN6DWUP9vV45HIgZHCmssdzMg=="
    },
    "sp-repetition": {
      "version": "2.0.0",
      "resolved": "https://registry.npmjs.org/sp-repetition/-/sp-repetition-2.0.0.tgz",
      "integrity": "sha512-PfhGeH/fSF0dRSEyd4xL7ZEenfBdnEp2G4LPTbFOiqbRrBnxp7TILKxbkRU3SJdsuNVUBpppL1yfplMnNvBMuw=="
    }
  }
}
