{
  "name": "spaced-repetition",
  "version": "1.0.0",
  "lockfileVersion": 2,
  "requires": true,
  "packages": {
    "": {
      "name": "spaced-repetition",
      "version": "1.0.0",
      "license": "ISC",
      "dependencies": {
        "sp-repetition": "^2.0.0"
      }
    },
    "node_modules/sp-repetition": {
      "version": "2.0.0",
      "resolved": "https://registry.npmjs.org/sp-repetition/-/sp-repetition-2.0.0.tgz",
      "integrity": "sha512-PfhGeH/fSF0dRSEyd4xL7ZEenfBdnEp2G4LPTbFOiqbRrBnxp7TILKxbkRU3SJdsuNVUBpppL1yfplMnNvBMuw=="
    }
  },
  "dependencies": {
    "sp-repetition": {
      "version": "2.0.0",
      "resolved": "https://registry.npmjs.org/sp-repetition/-/sp-repetition-2.0.0.tgz",
      "integrity": "sha512-PfhGeH/fSF0dRSEyd4xL7ZEenfBdnEp2G4LPTbFOiqbRrBnxp7TILKxbkRU3SJdsuNVUBpppL1yfplMnNvBMuw=="
    }
  }
}
